lockfileVersion: '9.0'

settings:
  autoInstallPeers: true
  excludeLinksFromLockfile: false

importers:

  .:
    devDependencies:
      '@biomejs/biome':
        specifier: 2.3.9
        version: 2.3.9

packages:

  '@biomejs/biome@2.3.9':
    resolution: {integrity: sha512-js+34KpnY65I00k8P71RH0Uh2rJk4BrpxMGM5m2nBfM9XTlKE5N1URn5ydILPRyXXq4ebhKCjsvR+txS+D4z2A==}
    engines: {node: '>=14.21.3'}
    hasBin: true

  '@biomejs/cli-darwin-arm64@2.3.9':
    resolution: {integrity: sha512-hHbYYnna/WBwem5iCpssQQLtm5ey8ADuDT8N2zqosk6LVWimlEuUnPy6Mbzgu4GWVriyL5ijWd+1zphX6ll4/A==}
    engines: {node: '>=14.21.3'}
    cpu: [arm64]
    os: [darwin]

  '@biomejs/cli-darwin-x64@2.3.9':
    resolution: {integrity: sha512-sKMW5fpvGDmPdqCchtVH5MVlbVeSU3ad4CuKS45x8VHt3tNSC8CZ2QbxffAOKYK9v/mAeUiPC6Cx6+wtyU1q7g==}
    engines: {node: '>=14.21.3'}
    cpu: [x64]
    os: [darwin]

  '@biomejs/cli-linux-arm64-musl@2.3.9':
    resolution: {integrity: sha512-JOHyG2nl8XDpncbMazm1uBSi1dPX9VbQDOjKcfSVXTqajD0PsgodMOKyuZ/PkBu5Lw877sWMTGKfEfpM7jE7Cw==}
    engines: {node: '>=14.21.3'}
    cpu: [arm64]
    os: [linux]

  '@biomejs/cli-linux-arm64@2.3.9':
    resolution: {integrity: sha512-BXBB6HbAgZI6T6QB8q6NSwIapVngqArP6K78BqkMerht7YjL6yWctqfeTnJm0qGF2bKBYFexslrbV+VTlM2E6g==}
    engines: {node: '>=14.21.3'}
    cpu: [arm64]
    os: [linux]

  '@biomejs/cli-linux-x64-musl@2.3.9':
    resolution: {integrity: sha512-FUkb/5beCIC2trpqAbW9e095X4vamdlju80c1ExSmhfdrojLZnWkah/XfTSixKb/dQzbAjpD7vvs6rWkJ+P07Q==}
    engines: {node: '>=14.21.3'}
    cpu: [x64]
    os: [linux]

  '@biomejs/cli-linux-x64@2.3.9':
    resolution: {integrity: sha512-PjYuv2WLmvf0WtidxAkFjlElsn0P6qcvfPijrqu1j+3GoW3XSQh3ywGu7gZ25J25zrYj3KEovUjvUZB55ATrGw==}
    engines: {node: '>=14.21.3'}
    cpu: [x64]
    os: [linux]

  '@biomejs/cli-win32-arm64@2.3.9':
    resolution: {integrity: sha512-w48Yh/XbYHO2cBw8B5laK3vCAEKuocX5ItGXVDAqFE7Ze2wnR00/1vkY6GXglfRDOjWHu2XtxI0WKQ52x1qxEA==}
    engines: {node: '>=14.21.3'}
    cpu: [arm64]
    os: [win32]

  '@biomejs/cli-win32-x64@2.3.9':
    resolution: {integrity: sha512-90+J63VT7qImy9s3pkWL0ZX27VzVwMNCRzpLpe5yMzMYPbO1vcjL/w/Q5f/juAGMvP7a2Fd0H7IhAR6F7/i78A==}
    engines: {node: '>=14.21.3'}
    cpu: [x64]
    os: [win32]

snapshots:

  '@biomejs/biome@2.3.9':
    optionalDependencies:
      '@biomejs/cli-darwin-arm64': 2.3.9
      '@biomejs/cli-darwin-x64': 2.3.9
      '@biomejs/cli-linux-arm64': 2.3.9
      '@biomejs/cli-linux-arm64-musl': 2.3.9
      '@biomejs/cli-linux-x64': 2.3.9
      '@biomejs/cli-linux-x64-musl': 2.3.9
      '@biomejs/cli-win32-arm64': 2.3.9
      '@biomejs/cli-win32-x64': 2.3.9

  '@biomejs/cli-darwin-arm64@2.3.9':
    optional: true

  '@biomejs/cli-darwin-x64@2.3.9':
    optional: true

  '@biomejs/cli-linux-arm64-musl@2.3.9':
    optional: true

  '@biomejs/cli-linux-arm64@2.3.9':
    optional: true

  '@biomejs/cli-linux-x64-musl@2.3.9':
    optional: true

  '@biomejs/cli-linux-x64@2.3.9':
    optional: true

  '@biomejs/cli-win32-arm64@2.3.9':
    optional: true

  '@biomejs/cli-win32-x64@2.3.9':
    optional: true
